
Microsoft Visual Studio Solution File, Format Version 12.00
# Visual Studio Version 16
VisualStudioVersion = 16.0.29728.190
MinimumVisualStudioVersion = 10.0.40219.1
Project("{FAE04EC0-301F-11D3-BF4B-00C04F79EFBC}") = "Engima1337", "Engima1337.csproj", "{D2805FA3-E6F9-4155-845F-3F0EB6996DDE}"
EndProject
Global
	GlobalSection(SolutionConfigurationPlatforms) = preSolution
		Debug|Any CPU = Debug|Any CPU
		Release|Any CPU = Release|Any CPU
	EndGlobalSection
	GlobalSection(ProjectConfigurationPlatforms) = postSolution
		{D2805FA3-E6F9-4155-845F-3F0EB6996DDE}.Debug|Any CPU.ActiveCfg = Debug|Any CPU
		{D2805FA3-E6F9-4155-845F-3F0EB6996DDE}.Debug|Any CPU.Build.0 = Debug|Any CPU
		{D2805FA3-E6F9-4155-845F-3F0EB6996DDE}.Release|Any CPU.ActiveCfg = Release|Any CPU
		{D2805FA3-E6F9-4155-845F-3F0EB6996DDE}.Release|Any CPU.Build.0 = Release|Any CPU
	EndGlobalSection
	GlobalSection(SolutionProperties) = preSolution
		HideSolutionNode = FALSE
	EndGlobalSection
	GlobalSection(ExtensibilityGlobals) = postSolution
		SolutionGuid = {5EDF1F08-BA55-49DF-91AF-272736989B0B}
	EndGlobalSection
EndGlobal
